# This file is automatically @generated by Cargo.
# It is not intended for manual editing.
[[package]]
name = "ascii85"
version = "0.2.1"
source = "registry+https://github.com/rust-lang/crates.io-index"
checksum = "1f7b2cc50ccfca05cc3e99a014901ae232948108082a2eecebc3ab6544ebd938"

[[package]]
name = "byteorder"
version = "1.3.4"
source = "registry+https://github.com/rust-lang/crates.io-index"
checksum = "08c48aae112d48ed9f069b33538ea9e3e90aa263cfa3d1c24309612b1f7472de"

[[package]]
name = "etherparse"
version = "0.9.0"
source = "registry+https://github.com/rust-lang/crates.io-index"
checksum = "2fa20922281f9ee5ffcda45e80d56085829279f1270f79fbabc39809a4354807"
dependencies = [
 "byteorder",
]

[[package]]
name = "toms-data-onion"
version = "0.1.0"
dependencies = [
 "ascii85",
 "etherparse",
]
