# This file is automatically @generated by Cargo.
# It is not intended for manual editing.
[[package]]
name = "ascii85"
version = "0.1.1"
source = "registry+https://github.com/rust-lang/crates.io-index"
checksum = "8b2330915dde1c6b13251602eb5aa70ce5449c3ab5220641b2c5fe9ecc4a9db6"

[[package]]
name = "toms-data-onion"
version = "0.1.0"
dependencies = [
 "ascii85",
]
